{
  "name": "hyper-autocomplete",
  "version": "1.0.0",
  "lockfileVersion": 1,
  "requires": true,
  "dependencies": {
    "hyperterm-window": {
      "version": "1.0.1",
      "resolved": "https://registry.npmjs.org/hyperterm-window/-/hyperterm-window-1.0.1.tgz",
      "integrity": "sha1-+ScHRXPKxSPBn0eJd00zXun9Xos="
    }
  }
}
